
Microsoft Visual Studio Solution File, Format Version 12.00
# Visual Studio Version 17
VisualStudioVersion = 17.0.31903.59
MinimumVisualStudioVersion = 10.0.40219.1
Project("{FAE04EC0-301F-11D3-BF4B-00C04F79EFBC}") = "LR1", "LR1\LR1.csproj", "{51F5382A-8AFF-444A-8362-7976BBE884C7}"
EndProject
Project("{FAE04EC0-301F-11D3-BF4B-00C04F79EFBC}") = "LR2", "LR2\LR2.csproj", "{46411ED5-802B-48DB-B19B-DB669C5C60F5}"
EndProject
Global
	GlobalSection(SolutionConfigurationPlatforms) = preSolution
		Debug|Any CPU = Debug|Any CPU
		Release|Any CPU = Release|Any CPU
	EndGlobalSection
	GlobalSection(SolutionProperties) = preSolution
		HideSolutionNode = FALSE
	EndGlobalSection
	GlobalSection(ProjectConfigurationPlatforms) = postSolution
		{51F5382A-8AFF-444A-8362-7976BBE884C7}.Debug|Any CPU.ActiveCfg = Debug|Any CPU
		{51F5382A-8AFF-444A-8362-7976BBE884C7}.Debug|Any CPU.Build.0 = Debug|Any CPU
		{51F5382A-8AFF-444A-8362-7976BBE884C7}.Release|Any CPU.ActiveCfg = Release|Any CPU
		{51F5382A-8AFF-444A-8362-7976BBE884C7}.Release|Any CPU.Build.0 = Release|Any CPU
		{46411ED5-802B-48DB-B19B-DB669C5C60F5}.Debug|Any CPU.ActiveCfg = Debug|Any CPU
		{46411ED5-802B-48DB-B19B-DB669C5C60F5}.Debug|Any CPU.Build.0 = Debug|Any CPU
		{46411ED5-802B-48DB-B19B-DB669C5C60F5}.Release|Any CPU.ActiveCfg = Release|Any CPU
		{46411ED5-802B-48DB-B19B-DB669C5C60F5}.Release|Any CPU.Build.0 = Release|Any CPU
	EndGlobalSection
EndGlobal
